// !$*UTF8*$!
{
	archiveVersion = 1;
	classes = {
	};
	objectVersion = 77;
	objects = {

/* Begin PBXBuildFile section */
		FB8739D22E3B425A00B9F831 /* WidgetKit.framework in Frameworks */ = {isa = PBXBuildFile; fileRef = FB8739D12E3B425A00B9F831 /* WidgetKit.framework */; };
		FB8739D42E3B425A00B9F831 /* SwiftUI.framework in Frameworks */ = {isa = PBXBuildFile; fileRef = FB8739D32E3B425A00B9F831 /* SwiftUI.framework */; };
		FB8739E52E3B425C00B9F831 /* MariborWidgetExtension.appex in Embed Foundation Extensions */ = {isa = PBXBuildFile; fileRef = FB8739CF2E3B425A00B9F831 /* MariborWidgetExtension.appex */; settings = {ATTRIBUTES = (RemoveHeadersOnCopy, ); }; };
/* End PBXBuildFile section */

/* Begin PBXContainerItemProxy section */
		FB8739E32E3B425C00B9F831 /* PBXContainerItemProxy */ = {
			isa = PBXContainerItemProxy;
			containerPortal = FBD1203F2E3A760500FD8602 /* Project object */;
			proxyType = 1;
			remoteGlobalIDString = FB8739CE2E3B425A00B9F831;
			remoteInfo = MariborWidgetExtension;
		};
		FBD120582E3A760800FD8602 /* PBXContainerItemProxy */ = {
			isa = PBXContainerItemProxy;
			containerPortal = FBD1203F2E3A760500FD8602 /* Project object */;
			proxyType = 1;
			remoteGlobalIDString = FBD120462E3A760500FD8602;
			remoteInfo = Maribor;
		};
		FBD120622E3A760800FD8602 /* PBXContainerItemProxy */ = {
			isa = PBXContainerItemProxy;
			containerPortal = FBD1203F2E3A760500FD8602 /* Project object */;
			proxyType = 1;
			remoteGlobalIDString = FBD120462E3A760500FD8602;
			remoteInfo = Maribor;
		};
/* End PBXContainerItemProxy section */

/* Begin PBXCopyFilesBuildPhase section */
		FB8739EA2E3B425C00B9F831 /* Embed Foundation Extensions */ = {
			isa = PBXCopyFilesBuildPhase;
			buildActionMask = 2147483647;
			dstPath = "";
			dstSubfolderSpec = 13;
			files = (
				FB8739E52E3B425C00B9F831 /* MariborWidgetExtension.appex in Embed Foundation Extensions */,
			);
			name = "Embed Foundation Extensions";
			runOnlyForDeploymentPostprocessing = 0;
		};
/* End PBXCopyFilesBuildPhase section */

/* Begin PBXFileReference section */
		FB8739CF2E3B425A00B9F831 /* MariborWidgetExtension.appex */ = {isa = PBXFileReference; explicitFileType = "wrapper.app-extension"; includeInIndex = 0; path = MariborWidgetExtension.appex; sourceTree = BUILT_PRODUCTS_DIR; };
		FB8739D12E3B425A00B9F831 /* WidgetKit.framework */ = {isa = PBXFileReference; lastKnownFileType = wrapper.framework; name = WidgetKit.framework; path = System/Library/Frameworks/WidgetKit.framework; sourceTree = SDKROOT; };
		FB8739D32E3B425A00B9F831 /* SwiftUI.framework */ = {isa = PBXFileReference; lastKnownFileType = wrapper.framework; name = SwiftUI.framework; path = System/Library/Frameworks/SwiftUI.framework; sourceTree = SDKROOT; };
		FBD120472E3A760500FD8602 /* Maribor.app */ = {isa = PBXFileReference; explicitFileType = wrapper.application; includeInIndex = 0; path = Maribor.app; sourceTree = BUILT_PRODUCTS_DIR; };
		FBD120572E3A760800FD8602 /* MariborTests.xctest */ = {isa = PBXFileReference; explicitFileType = wrapper.cfbundle; includeInIndex = 0; path = MariborTests.xctest; sourceTree = BUILT_PRODUCTS_DIR; };
		FBD120612E3A760800FD8602 /* MariborUITests.xctest */ = {isa = PBXFileReference; explicitFileType = wrapper.cfbundle; includeInIndex = 0; path = MariborUITests.xctest; sourceTree = BUILT_PRODUCTS_DIR; };
/* End PBXFileReference section */

/* Begin PBXFileSystemSynchronizedBuildFileExceptionSet section */
		FB8739E62E3B425C00B9F831 /* Exceptions for "MariborWidget" folder in "MariborWidgetExtension" target */ = {
			isa = PBXFileSystemSynchronizedBuildFileExceptionSet;
			membershipExceptions = (
				Info.plist,
			);
			target = FB8739CE2E3B425A00B9F831 /* MariborWidgetExtension */;
		};
/* End PBXFileSystemSynchronizedBuildFileExceptionSet section */

/* Begin PBXFileSystemSynchronizedRootGroup section */
		FB8739D52E3B425A00B9F831 /* MariborWidget */ = {
			isa = PBXFileSystemSynchronizedRootGroup;
			exceptions = (
				FB8739E62E3B425C00B9F831 /* Exceptions for "MariborWidget" folder in "MariborWidgetExtension" target */,
			);
			path = MariborWidget;
			sourceTree = "<group>";
		};
		FBD120492E3A760500FD8602 /* Maribor */ = {
			isa = PBXFileSystemSynchronizedRootGroup;
			path = Maribor;
			sourceTree = "<group>";
		};
		FBD1205A2E3A760800FD8602 /* MariborTests */ = {
			isa = PBXFileSystemSynchronizedRootGroup;
			path = MariborTests;
			sourceTree = "<group>";
		};
		FBD120642E3A760800FD8602 /* MariborUITests */ = {
			isa = PBXFileSystemSynchronizedRootGroup;
			path = MariborUITests;
			sourceTree = "<group>";
		};
/* End PBXFileSystemSynchronizedRootGroup section */

/* Begin PBXFrameworksBuildPhase section */
		FB8739CC2E3B425A00B9F831 /* Frameworks */ = {
			isa = PBXFrameworksBuildPhase;
			buildActionMask = 2147483647;
			files = (
				FB8739D42E3B425A00B9F831 /* SwiftUI.framework in Frameworks */,
				FB8739D22E3B425A00B9F831 /* WidgetKit.framework in Frameworks */,
			);
			runOnlyForDeploymentPostprocessing = 0;
		};
		FBD120442E3A760500FD8602 /* Frameworks */ = {
			isa = PBXFrameworksBuildPhase;
			buildActionMask = 2147483647;
			files = (
			);
			runOnlyForDeploymentPostprocessing = 0;
		};
		FBD120542E3A760800FD8602 /* Frameworks */ = {
			isa = PBXFrameworksBuildPhase;
			buildActionMask = 2147483647;
			files = (
			);
			runOnlyForDeploymentPostprocessing = 0;
		};
		FBD1205E2E3A760800FD8602 /* Frameworks */ = {
			isa = PBXFrameworksBuildPhase;
			buildActionMask = 2147483647;
			files = (
			);
			runOnlyForDeploymentPostprocessing = 0;
		};
/* End PBXFrameworksBuildPhase section */

/* Begin PBXGroup section */
		FB8739D02E3B425A00B9F831 /* Frameworks */ = {
			isa = PBXGroup;
			children = (
				FB8739D12E3B425A00B9F831 /* WidgetKit.framework */,
				FB8739D32E3B425A00B9F831 /* SwiftUI.framework */,
			);
			name = Frameworks;
			sourceTree = "<group>";
		};
		FBD1203E2E3A760500FD8602 = {
			isa = PBXGroup;
			children = (
				FBD120492E3A760500FD8602 /* Maribor */,
				FBD1205A2E3A760800FD8602 /* MariborTests */,
				FBD120642E3A760800FD8602 /* MariborUITests */,
				FB8739D52E3B425A00B9F831 /* MariborWidget */,
				FB8739D02E3B425A00B9F831 /* Frameworks */,
				FBD120482E3A760500FD8602 /* Products */,
			);
			sourceTree = "<group>";
		};
		FBD120482E3A760500FD8602 /* Products */ = {
			isa = PBXGroup;
			children = (
				FBD120472E3A760500FD8602 /* Maribor.app */,
				FBD120572E3A760800FD8602 /* MariborTests.xctest */,
				FBD120612E3A760800FD8602 /* MariborUITests.xctest */,
				FB8739CF2E3B425A00B9F831 /* MariborWidgetExtension.appex */,
			);
			name = Products;
			sourceTree = "<group>";
		};
/* End PBXGroup section */

/* Begin PBXNativeTarget section */
		FB8739CE2E3B425A00B9F831 /* MariborWidgetExtension */ = {
			isa = PBXNativeTarget;
			buildConfigurationList = FB8739E72E3B425C00B9F831 /* Build configuration list for PBXNativeTarget "MariborWidgetExtension" */;
			buildPhases = (
				FB8739CB2E3B425A00B9F831 /* Sources */,
				FB8739CC2E3B425A00B9F831 /* Frameworks */,
				FB8739CD2E3B425A00B9F831 /* Resources */,
			);
			buildRules = (
			);
			dependencies = (
			);
			fileSystemSynchronizedGroups = (
				FB8739D52E3B425A00B9F831 /* MariborWidget */,
			);
			name = MariborWidgetExtension;
			packageProductDependencies = (
			);
			productName = MariborWidgetExtension;
			productReference = FB8739CF2E3B425A00B9F831 /* MariborWidgetExtension.appex */;
			productType = "com.apple.product-type.app-extension";
		};
		FBD120462E3A760500FD8602 /* Maribor */ = {
			isa = PBXNativeTarget;
			buildConfigurationList = FBD1206B2E3A760800FD8602 /* Build configuration list for PBXNativeTarget "Maribor" */;
			buildPhases = (
				FBD120432E3A760500FD8602 /* Sources */,
				FBD120442E3A760500FD8602 /* Frameworks */,
				FBD120452E3A760500FD8602 /* Resources */,
				FB8739EA2E3B425C00B9F831 /* Embed Foundation Extensions */,
			);
			buildRules = (
			);
			dependencies = (
				FB8739E42E3B425C00B9F831 /* PBXTargetDependency */,
			);
			fileSystemSynchronizedGroups = (
				FBD120492E3A760500FD8602 /* Maribor */,
			);
			name = Maribor;
			packageProductDependencies = (
			);
			productName = Maribor;
			productReference = FBD120472E3A760500FD8602 /* Maribor.app */;
			productType = "com.apple.product-type.application";
		};
		FBD120562E3A760800FD8602 /* MariborTests */ = {
			isa = PBXNativeTarget;
			buildConfigurationList = FBD1206E2E3A760800FD8602 /* Build configuration list for PBXNativeTarget "MariborTests" */;
			buildPhases = (
				FBD120532E3A760800FD8602 /* Sources */,
				FBD120542E3A760800FD8602 /* Frameworks */,
				FBD120552E3A760800FD8602 /* Resources */,
			);
			buildRules = (
			);
			dependencies = (
				FBD120592E3A760800FD8602 /* PBXTargetDependency */,
			);
			fileSystemSynchronizedGroups = (
				FBD1205A2E3A760800FD8602 /* MariborTests */,
			);
			name = MariborTests;
			packageProductDependencies = (
			);
			productName = MariborTests;
			productReference = FBD120572E3A760800FD8602 /* MariborTests.xctest */;
			productType = "com.apple.product-type.bundle.unit-test";
		};
		FBD120602E3A760800FD8602 /* MariborUITests */ = {
			isa = PBXNativeTarget;
			buildConfigurationList = FBD120712E3A760800FD8602 /* Build configuration list for PBXNativeTarget "MariborUITests" */;
			buildPhases = (
				FBD1205D2E3A760800FD8602 /* Sources */,
				FBD1205E2E3A760800FD8602 /* Frameworks */,
				FBD1205F2E3A760800FD8602 /* Resources */,
			);
			buildRules = (
			);
			dependencies = (
				FBD120632E3A760800FD8602 /* PBXTargetDependency */,
			);
			fileSystemSynchronizedGroups = (
				FBD120642E3A760800FD8602 /* MariborUITests */,
			);
			name = MariborUITests;
			packageProductDependencies = (
			);
			productName = MariborUITests;
			productReference = FBD120612E3A760800FD8602 /* MariborUITests.xctest */;
			productType = "com.apple.product-type.bundle.ui-testing";
		};
/* End PBXNativeTarget section */

/* Begin PBXProject section */
		FBD1203F2E3A760500FD8602 /* Project object */ = {
			isa = PBXProject;
			attributes = {
				BuildIndependentTargetsInParallel = 1;
				LastSwiftUpdateCheck = 1620;
				LastUpgradeCheck = 1620;
				TargetAttributes = {
					FB8739CE2E3B425A00B9F831 = {
						CreatedOnToolsVersion = 16.2;
					};
					FBD120462E3A760500FD8602 = {
						CreatedOnToolsVersion = 16.2;
					};
					FBD120562E3A760800FD8602 = {
						CreatedOnToolsVersion = 16.2;
						TestTargetID = FBD120462E3A760500FD8602;
					};
					FBD120602E3A760800FD8602 = {
						CreatedOnToolsVersion = 16.2;
						TestTargetID = FBD120462E3A760500FD8602;
					};
				};
			};
			buildConfigurationList = FBD120422E3A760500FD8602 /* Build configuration list for PBXProject "Maribor" */;
			developmentRegion = en;
			hasScannedForEncodings = 0;
			knownRegions = (
				en,
				Base,
			);
			mainGroup = FBD1203E2E3A760500FD8602;
			minimizedProjectReferenceProxies = 1;
			preferredProjectObjectVersion = 77;
			productRefGroup = FBD120482E3A760500FD8602 /* Products */;
			projectDirPath = "";
			projectRoot = "";
			targets = (
				FBD120462E3A760500FD8602 /* Maribor */,
				FBD120562E3A760800FD8602 /* MariborTests */,
				FBD120602E3A760800FD8602 /* MariborUITests */,
				FB8739CE2E3B425A00B9F831 /* MariborWidgetExtension */,
			);
		};
/* End PBXProject section */

/* Begin PBXResourcesBuildPhase section */
		FB8739CD2E3B425A00B9F831 /* Resources */ = {
			isa = PBXResourcesBuildPhase;
			buildActionMask = 2147483647;
			files = (
			);
			runOnlyForDeploymentPostprocessing = 0;
		};
		FBD120452E3A760500FD8602 /* Resources */ = {
			isa = PBXResourcesBuildPhase;
			buildActionMask = 2147483647;
			files = (
			);
			runOnlyForDeploymentPostprocessing = 0;
		};
		FBD120552E3A760800FD8602 /* Resources */ = {
			isa = PBXResourcesBuildPhase;
			buildActionMask = 2147483647;
			files = (
			);
			runOnlyForDeploymentPostprocessing = 0;
		};
		FBD1205F2E3A760800FD8602 /* Resources */ = {
			isa = PBXResourcesBuildPhase;
			buildActionMask = 2147483647;
			files = (
			);
			runOnlyForDeploymentPostprocessing = 0;
		};
/* End PBXResourcesBuildPhase section */

/* Begin PBXSourcesBuildPhase section */
		FB8739CB2E3B425A00B9F831 /* Sources */ = {
			isa = PBXSourcesBuildPhase;
			buildActionMask = 2147483647;
			files = (
			);
			runOnlyForDeploymentPostprocessing = 0;
		};
		FBD120432E3A760500FD8602 /* Sources */ = {
			isa = PBXSourcesBuildPhase;
			buildActionMask = 2147483647;
			files = (
			);
			runOnlyForDeploymentPostprocessing = 0;
		};
		FBD120532E3A760800FD8602 /* Sources */ = {
			isa = PBXSourcesBuildPhase;
			buildActionMask = 2147483647;
			files = (
			);
			runOnlyForDeploymentPostprocessing = 0;
		};
		FBD1205D2E3A760800FD8602 /* Sources */ = {
			isa = PBXSourcesBuildPhase;
			buildActionMask = 2147483647;
			files = (
			);
			runOnlyForDeploymentPostprocessing = 0;
		};
/* End PBXSourcesBuildPhase section */

/* Begin PBXTargetDependency section */
		FB8739E42E3B425C00B9F831 /* PBXTargetDependency */ = {
			isa = PBXTargetDependency;
			target = FB8739CE2E3B425A00B9F831 /* MariborWidgetExtension */;
			targetProxy = FB8739E32E3B425C00B9F831 /* PBXContainerItemProxy */;
		};
		FBD120592E3A760800FD8602 /* PBXTargetDependency */ = {
			isa = PBXTargetDependency;
			target = FBD120462E3A760500FD8602 /* Maribor */;
			targetProxy = FBD120582E3A760800FD8602 /* PBXContainerItemProxy */;
		};
		FBD120632E3A760800FD8602 /* PBXTargetDependency */ = {
			isa = PBXTargetDependency;
			target = FBD120462E3A760500FD8602 /* Maribor */;
			targetProxy = FBD120622E3A760800FD8602 /* PBXContainerItemProxy */;
		};
/* End PBXTargetDependency section */

/* Begin XCBuildConfiguration section */
		FB8739E82E3B425C00B9F831 /* Debug */ = {
			isa = XCBuildConfiguration;
			buildSettings = {
				ASSETCATALOG_COMPILER_GLOBAL_ACCENT_COLOR_NAME = AccentColor;
				ASSETCATALOG_COMPILER_WIDGET_BACKGROUND_COLOR_NAME = WidgetBackground;
				CODE_SIGN_STYLE = Automatic;
				CURRENT_PROJECT_VERSION = 1;
				DEVELOPMENT_TEAM = M2DRRF88BA;
				GENERATE_INFOPLIST_FILE = YES;
				INFOPLIST_FILE = MariborWidget/Info.plist;
				INFOPLIST_KEY_CFBundleDisplayName = MariborWidget;
				INFOPLIST_KEY_NSHumanReadableCopyright = "";
				LD_RUNPATH_SEARCH_PATHS = (
					"$(inherited)",
					"@executable_path/Frameworks",
					"@executable_path/../../Frameworks",
				);
				MARKETING_VERSION = 1.0;
				PRODUCT_BUNDLE_IDENTIFIER = app.vercel.khandelwal.Maribor.MariborWidget;
				PRODUCT_NAME = "$(TARGET_NAME)";
				SKIP_INSTALL = YES;
				SWIFT_EMIT_LOC_STRINGS = YES;
				SWIFT_VERSION = 5.0;
				TARGETED_DEVICE_FAMILY = "1,2";
			};
			name = Debug;
		};
		FB8739E92E3B425C00B9F831 /* Release */ = {
			isa = XCBuildConfiguration;
			buildSettings = {
				ASSETCATALOG_COMPILER_GLOBAL_ACCENT_COLOR_NAME = AccentColor;
				ASSETCATALOG_COMPILER_WIDGET_BACKGROUND_COLOR_NAME = WidgetBackground;
				CODE_SIGN_STYLE = Automatic;
				CURRENT_PROJECT_VERSION = 1;
				DEVELOPMENT_TEAM = M2DRRF88BA;
				GENERATE_INFOPLIST_FILE = YES;
				INFOPLIST_FILE = MariborWidget/Info.plist;
				INFOPLIST_KEY_CFBundleDisplayName = MariborWidget;
				INFOPLIST_KEY_NSHumanReadableCopyright = "";
				LD_RUNPATH_SEARCH_PATHS = (
					"$(inherited)",
					"@executable_path/Frameworks",
					"@executable_path/../../Frameworks",
				);
				MARKETING_VERSION = 1.0;
				PRODUCT_BUNDLE_IDENTIFIER = app.vercel.khandelwal.Maribor.MariborWidget;
				PRODUCT_NAME = "$(TARGET_NAME)";
				SKIP_INSTALL = YES;
				SWIFT_EMIT_LOC_STRINGS = YES;
				SWIFT_VERSION = 5.0;
				TARGETED_DEVICE_FAMILY = "1,2";
			};
			name = Release;
		};
		FBD120692E3A760800FD8602 /* Debug */ = {
			isa = XCBuildConfiguration;
			buildSettings = {
				ALWAYS_SEARCH_USER_PATHS = NO;
				ASSETCATALOG_COMPILER_GENERATE_SWIFT_ASSET_SYMBOL_EXTENSIONS = YES;
				CLANG_ANALYZER_NONNULL = YES;
				CLANG_ANALYZER_NUMBER_OBJECT_CONVERSION = YES_AGGRESSIVE;
				CLANG_CXX_LANGUAGE_STANDARD = "gnu++20";
				CLANG_ENABLE_MODULES = YES;
				CLANG_ENABLE_OBJC_ARC = YES;
				CLANG_ENABLE_OBJC_WEAK = YES;
				CLANG_WARN_BLOCK_CAPTURE_AUTORELEASING = YES;
				CLANG_WARN_BOOL_CONVERSION = YES;
				CLANG_WARN_COMMA = YES;
				CLANG_WARN_CONSTANT_CONVERSION = YES;
				CLANG_WARN_DEPRECATED_OBJC_IMPLEMENTATIONS = YES;
				CLANG_WARN_DIRECT_OBJC_ISA_USAGE = YES_ERROR;
				CLANG_WARN_DOCUMENTATION_COMMENTS = YES;
				CLANG_WARN_EMPTY_BODY = YES;
				CLANG_WARN_ENUM_CONVERSION = YES;
				CLANG_WARN_INFINITE_RECURSION = YES;
				CLANG_WARN_INT_CONVERSION = YES;
				CLANG_WARN_NON_LITERAL_NULL_CONVERSION = YES;
				CLANG_WARN_OBJC_IMPLICIT_RETAIN_SELF = YES;
				CLANG_WARN_OBJC_LITERAL_CONVERSION = YES;
				CLANG_WARN_OBJC_ROOT_CLASS = YES_ERROR;
				CLANG_WARN_QUOTED_INCLUDE_IN_FRAMEWORK_HEADER = YES;
				CLANG_WARN_RANGE_LOOP_ANALYSIS = YES;
				CLANG_WARN_STRICT_PROTOTYPES = YES;
				CLANG_WARN_SUSPICIOUS_MOVE = YES;
				CLANG_WARN_UNGUARDED_AVAILABILITY = YES_AGGRESSIVE;
				CLANG_WARN_UNREACHABLE_CODE = YES;
				CLANG_WARN__DUPLICATE_METHOD_MATCH = YES;
				COPY_PHASE_STRIP = NO;
				DEBUG_INFORMATION_FORMAT = dwarf;
				ENABLE_STRICT_OBJC_MSGSEND = YES;
				ENABLE_TESTABILITY = YES;
				ENABLE_USER_SCRIPT_SANDBOXING = YES;
				GCC_C_LANGUAGE_STANDARD = gnu17;
				GCC_DYNAMIC_NO_PIC = NO;
				GCC_NO_COMMON_BLOCKS = YES;
				GCC_OPTIMIZATION_LEVEL = 0;
				GCC_PREPROCESSOR_DEFINITIONS = (
					"DEBUG=1",
					"$(inherited)",
				);
				GCC_WARN_64_TO_32_BIT_CONVERSION = YES;
				GCC_WARN_ABOUT_RETURN_TYPE = YES_ERROR;
				GCC_WARN_UNDECLARED_SELECTOR = YES;
				GCC_WARN_UNINITIALIZED_AUTOS = YES_AGGRESSIVE;
				GCC_WARN_UNUSED_FUNCTION = YES;
				GCC_WARN_UNUSED_VARIABLE = YES;
				IPHONEOS_DEPLOYMENT_TARGET = 18.2;
				LOCALIZATION_PREFERS_STRING_CATALOGS = YES;
				MTL_ENABLE_DEBUG_INFO = INCLUDE_SOURCE;
				MTL_FAST_MATH = YES;
				ONLY_ACTIVE_ARCH = YES;
				SDKROOT = iphoneos;
				SWIFT_ACTIVE_COMPILATION_CONDITIONS = "DEBUG $(inherited)";
				SWIFT_OPTIMIZATION_LEVEL = "-Onone";
			};
			name = Debug;
		};
		FBD1206A2E3A760800FD8602 /* Release */ = {
			isa = XCBuildConfiguration;
			buildSettings = {
				ALWAYS_SEARCH_USER_PATHS = NO;
				ASSETCATALOG_COMPILER_GENERATE_SWIFT_ASSET_SYMBOL_EXTENSIONS = YES;
				CLANG_ANALYZER_NONNULL = YES;
				CLANG_ANALYZER_NUMBER_OBJECT_CONVERSION = YES_AGGRESSIVE;
				CLANG_CXX_LANGUAGE_STANDARD = "gnu++20";
				CLANG_ENABLE_MODULES = YES;
				CLANG_ENABLE_OBJC_ARC = YES;
				CLANG_ENABLE_OBJC_WEAK = YES;
				CLANG_WARN_BLOCK_CAPTURE_AUTORELEASING = YES;
				CLANG_WARN_BOOL_CONVERSION = YES;
				CLANG_WARN_COMMA = YES;
				CLANG_WARN_CONSTANT_CONVERSION = YES;
				CLANG_WARN_DEPRECATED_OBJC_IMPLEMENTATIONS = YES;
				CLANG_WARN_DIRECT_OBJC_ISA_USAGE = YES_ERROR;
				CLANG_WARN_DOCUMENTATION_COMMENTS = YES;
				CLANG_WARN_EMPTY_BODY = YES;
				CLANG_WARN_ENUM_CONVERSION = YES;
				CLANG_WARN_INFINITE_RECURSION = YES;
				CLANG_WARN_INT_CONVERSION = YES;
				CLANG_WARN_NON_LITERAL_NULL_CONVERSION = YES;
				CLANG_WARN_OBJC_IMPLICIT_RETAIN_SELF = YES;
				CLANG_WARN_OBJC_LITERAL_CONVERSION = YES;
				CLANG_WARN_OBJC_ROOT_CLASS = YES_ERROR;
				CLANG_WARN_QUOTED_INCLUDE_IN_FRAMEWORK_HEADER = YES;
				CLANG_WARN_RANGE_LOOP_ANALYSIS = YES;
				CLANG_WARN_STRICT_PROTOTYPES = YES;
				CLANG_WARN_SUSPICIOUS_MOVE = YES;
				CLANG_WARN_UNGUARDED_AVAILABILITY = YES_AGGRESSIVE;
				CLANG_WARN_UNREACHABLE_CODE = YES;
				CLANG_WARN__DUPLICATE_METHOD_MATCH = YES;
				COPY_PHASE_STRIP = NO;
				DEBUG_INFORMATION_FORMAT = "dwarf-with-dsym";
				ENABLE_NS_ASSERTIONS = NO;
				ENABLE_STRICT_OBJC_MSGSEND = YES;
				ENABLE_USER_SCRIPT_SANDBOXING = YES;
				GCC_C_LANGUAGE_STANDARD = gnu17;
				GCC_NO_COMMON_BLOCKS = YES;
				GCC_WARN_64_TO_32_BIT_CONVERSION = YES;
				GCC_WARN_ABOUT_RETURN_TYPE = YES_ERROR;
				GCC_WARN_UNDECLARED_SELECTOR = YES;
				GCC_WARN_UNINITIALIZED_AUTOS = YES_AGGRESSIVE;
				GCC_WARN_UNUSED_FUNCTION = YES;
				GCC_WARN_UNUSED_VARIABLE = YES;
				IPHONEOS_DEPLOYMENT_TARGET = 18.2;
				LOCALIZATION_PREFERS_STRING_CATALOGS = YES;
				MTL_ENABLE_DEBUG_INFO = NO;
				MTL_FAST_MATH = YES;
				SDKROOT = iphoneos;
				SWIFT_COMPILATION_MODE = wholemodule;
				VALIDATE_PRODUCT = YES;
			};
			name = Release;
		};
		FBD1206C2E3A760800FD8602 /* Debug */ = {
			isa = XCBuildConfiguration;
			buildSettings = {
				ASSETCATALOG_COMPILER_APPICON_NAME = AppIcon;
				ASSETCATALOG_COMPILER_GLOBAL_ACCENT_COLOR_NAME = AccentColor;
				CODE_SIGN_STYLE = Automatic;
				CURRENT_PROJECT_VERSION = 1;
				DEVELOPMENT_ASSET_PATHS = "\"Maribor/Preview Content\"";
				DEVELOPMENT_TEAM = M2DRRF88BA;
				ENABLE_PREVIEWS = YES;
				GENERATE_INFOPLIST_FILE = YES;
				INFOPLIST_KEY_UIApplicationSceneManifest_Generation = YES;
				INFOPLIST_KEY_UIApplicationSupportsIndirectInputEvents = YES;
				INFOPLIST_KEY_UILaunchScreen_Generation = YES;
				INFOPLIST_KEY_UISupportedInterfaceOrientations_iPad = "UIInterfaceOrientationPortrait UIInterfaceOrientationPortraitUpsideDown UIInterfaceOrientationLandscapeLeft UIInterfaceOrientationLandscapeRight";
				INFOPLIST_KEY_UISupportedInterfaceOrientations_iPhone = "UIInterfaceOrientationPortrait UIInterfaceOrientationLandscapeLeft UIInterfaceOrientationLandscapeRight";
				LD_RUNPATH_SEARCH_PATHS = (
					"$(inherited)",
					"@executable_path/Frameworks",
				);
				MARKETING_VERSION = 1.0;
				PRODUCT_BUNDLE_IDENTIFIER = app.vercel.khandelwal.Maribor;
				PRODUCT_NAME = "$(TARGET_NAME)";
				SWIFT_EMIT_LOC_STRINGS = YES;
				SWIFT_VERSION = 5.0;
				TARGETED_DEVICE_FAMILY = "1,2";
			};
			name = Debug;
		};
		FBD1206D2E3A760800FD8602 /* Release */ = {
			isa = XCBuildConfiguration;
			buildSettings = {
				ASSETCATALOG_COMPILER_APPICON_NAME = AppIcon;
				ASSETCATALOG_COMPILER_GLOBAL_ACCENT_COLOR_NAME = AccentColor;
				CODE_SIGN_STYLE = Automatic;
				CURRENT_PROJECT_VERSION = 1;
				DEVELOPMENT_ASSET_PATHS = "\"Maribor/Preview Content\"";
				DEVELOPMENT_TEAM = M2DRRF88BA;
				ENABLE_PREVIEWS = YES;
				GENERATE_INFOPLIST_FILE = YES;
				INFOPLIST_KEY_UIApplicationSceneManifest_Generation = YES;
				INFOPLIST_KEY_UIApplicationSupportsIndirectInputEvents = YES;
				INFOPLIST_KEY_UILaunchScreen_Generation = YES;
				INFOPLIST_KEY_UISupportedInterfaceOrientations_iPad = "UIInterfaceOrientationPortrait UIInterfaceOrientationPortraitUpsideDown UIInterfaceOrientationLandscapeLeft UIInterfaceOrientationLandscapeRight";
				INFOPLIST_KEY_UISupportedInterfaceOrientations_iPhone = "UIInterfaceOrientationPortrait UIInterfaceOrientationLandscapeLeft UIInterfaceOrientationLandscapeRight";
				LD_RUNPATH_SEARCH_PATHS = (
					"$(inherited)",
					"@executable_path/Frameworks",
				);
				MARKETING_VERSION = 1.0;
				PRODUCT_BUNDLE_IDENTIFIER = app.vercel.khandelwal.Maribor;
				PRODUCT_NAME = "$(TARGET_NAME)";
				SWIFT_EMIT_LOC_STRINGS = YES;
				SWIFT_VERSION = 5.0;
				TARGETED_DEVICE_FAMILY = "1,2";
			};
			name = Release;
		};
		FBD1206F2E3A760800FD8602 /* Debug */ = {
			isa = XCBuildConfiguration;
			buildSettings = {
				BUNDLE_LOADER = "$(TEST_HOST)";
				CODE_SIGN_STYLE = Automatic;
				CURRENT_PROJECT_VERSION = 1;
				DEVELOPMENT_TEAM = M2DRRF88BA;
				GENERATE_INFOPLIST_FILE = YES;
				IPHONEOS_DEPLOYMENT_TARGET = 18.2;
				MARKETING_VERSION = 1.0;
				PRODUCT_BUNDLE_IDENTIFIER = app.vercel.khandelwal.MariborTests;
				PRODUCT_NAME = "$(TARGET_NAME)";
				SWIFT_EMIT_LOC_STRINGS = NO;
				SWIFT_VERSION = 5.0;
				TARGETED_DEVICE_FAMILY = "1,2";
				TEST_HOST = "$(BUILT_PRODUCTS_DIR)/Maribor.app/$(BUNDLE_EXECUTABLE_FOLDER_PATH)/Maribor";
			};
			name = Debug;
		};
		FBD120702E3A760800FD8602 /* Release */ = {
			isa = XCBuildConfiguration;
			buildSettings = {
				BUNDLE_LOADER = "$(TEST_HOST)";
				CODE_SIGN_STYLE = Automatic;
				CURRENT_PROJECT_VERSION = 1;
				DEVELOPMENT_TEAM = M2DRRF88BA;
				GENERATE_INFOPLIST_FILE = YES;
				IPHONEOS_DEPLOYMENT_TARGET = 18.2;
				MARKETING_VERSION = 1.0;
				PRODUCT_BUNDLE_IDENTIFIER = app.vercel.khandelwal.MariborTests;
				PRODUCT_NAME = "$(TARGET_NAME)";
				SWIFT_EMIT_LOC_STRINGS = NO;
				SWIFT_VERSION = 5.0;
				TARGETED_DEVICE_FAMILY = "1,2";
				TEST_HOST = "$(BUILT_PRODUCTS_DIR)/Maribor.app/$(BUNDLE_EXECUTABLE_FOLDER_PATH)/Maribor";
			};
			name = Release;
		};
		FBD120722E3A760800FD8602 /* Debug */ = {
			isa = XCBuildConfiguration;
			buildSettings = {
				CODE_SIGN_STYLE = Automatic;
				CURRENT_PROJECT_VERSION = 1;
				DEVELOPMENT_TEAM = M2DRRF88BA;
				GENERATE_INFOPLIST_FILE = YES;
				MARKETING_VERSION = 1.0;
				PRODUCT_BUNDLE_IDENTIFIER = app.vercel.khandelwal.MariborUITests;
				PRODUCT_NAME = "$(TARGET_NAME)";
				SWIFT_EMIT_LOC_STRINGS = NO;
				SWIFT_VERSION = 5.0;
				TARGETED_DEVICE_FAMILY = "1,2";
				TEST_TARGET_NAME = Maribor;
			};
			name = Debug;
		};
		FBD120732E3A760800FD8602 /* Release */ = {
			isa = XCBuildConfiguration;
			buildSettings = {
				CODE_SIGN_STYLE = Automatic;
				CURRENT_PROJECT_VERSION = 1;
				DEVELOPMENT_TEAM = M2DRRF88BA;
				GENERATE_INFOPLIST_FILE = YES;
				MARKETING_VERSION = 1.0;
				PRODUCT_BUNDLE_IDENTIFIER = app.vercel.khandelwal.MariborUITests;
				PRODUCT_NAME = "$(TARGET_NAME)";
				SWIFT_EMIT_LOC_STRINGS = NO;
				SWIFT_VERSION = 5.0;
				TARGETED_DEVICE_FAMILY = "1,2";
				TEST_TARGET_NAME = Maribor;
			};
			name = Release;
		};
/* End XCBuildConfiguration section */

/* Begin XCConfigurationList section */
		FB8739E72E3B425C00B9F831 /* Build configuration list for PBXNativeTarget "MariborWidgetExtension" */ = {
			isa = XCConfigurationList;
			buildConfigurations = (
				FB8739E82E3B425C00B9F831 /* Debug */,
				FB8739E92E3B425C00B9F831 /* Release */,
			);
			defaultConfigurationIsVisible = 0;
			defaultConfigurationName = Release;
		};
		FBD120422E3A760500FD8602 /* Build configuration list for PBXProject "Maribor" */ = {
			isa = XCConfigurationList;
			buildConfigurations = (
				FBD120692E3A760800FD8602 /* Debug */,
				FBD1206A2E3A760800FD8602 /* Release */,
			);
			defaultConfigurationIsVisible = 0;
			defaultConfigurationName = Release;
		};
		FBD1206B2E3A760800FD8602 /* Build configuration list for PBXNativeTarget "Maribor" */ = {
			isa = XCConfigurationList;
			buildConfigurations = (
				FBD1206C2E3A760800FD8602 /* Debug */,
				FBD1206D2E3A760800FD8602 /* Release */,
			);
			defaultConfigurationIsVisible = 0;
			defaultConfigurationName = Release;
		};
		FBD1206E2E3A760800FD8602 /* Build configuration list for PBXNativeTarget "MariborTests" */ = {
			isa = XCConfigurationList;
			buildConfigurations = (
				FBD1206F2E3A760800FD8602 /* Debug */,
				FBD120702E3A760800FD8602 /* Release */,
			);
			defaultConfigurationIsVisible = 0;
			defaultConfigurationName = Release;
		};
		FBD120712E3A760800FD8602 /* Build configuration list for PBXNativeTarget "MariborUITests" */ = {
			isa = XCConfigurationList;
			buildConfigurations = (
				FBD120722E3A760800FD8602 /* Debug */,
				FBD120732E3A760800FD8602 /* Release */,
			);
			defaultConfigurationIsVisible = 0;
			defaultConfigurationName = Release;
		};
/* End XCConfigurationList section */
	};
	rootObject = FBD1203F2E3A760500FD8602 /* Project object */;
}
